
Microsoft Visual Studio Solution File, Format Version 12.00
# Visual Studio Version 16
VisualStudioVersion = 16.0.31112.23
MinimumVisualStudioVersion = 10.0.40219.1
Project("{FAE04EC0-301F-11D3-BF4B-00C04F79EFBC}") = "XFCameraBasicSet.Android", "XFCameraBasicSet\XFCameraBasicSet.Android\XFCameraBasicSet.Android.csproj", "{64066A88-BE39-4795-9BE0-5493E4E25A00}"
EndProject
Project("{FAE04EC0-301F-11D3-BF4B-00C04F79EFBC}") = "XFCameraBasicSet", "XFCameraBasicSet\XFCameraBasicSet\XFCameraBasicSet.csproj", "{69F1FEF4-F0F5-4DCB-A8CC-D068F2BAD5DF}"
EndProject
Global
	GlobalSection(SolutionConfigurationPlatforms) = preSolution
		Debug|Any CPU = Debug|Any CPU
		Release|Any CPU = Release|Any CPU
	EndGlobalSection
	GlobalSection(ProjectConfigurationPlatforms) = postSolution
		{64066A88-BE39-4795-9BE0-5493E4E25A00}.Debug|Any CPU.ActiveCfg = Debug|Any CPU
		{64066A88-BE39-4795-9BE0-5493E4E25A00}.Debug|Any CPU.Build.0 = Debug|Any CPU
		{64066A88-BE39-4795-9BE0-5493E4E25A00}.Debug|Any CPU.Deploy.0 = Debug|Any CPU
		{64066A88-BE39-4795-9BE0-5493E4E25A00}.Release|Any CPU.ActiveCfg = Release|Any CPU
		{64066A88-BE39-4795-9BE0-5493E4E25A00}.Release|Any CPU.Build.0 = Release|Any CPU
		{64066A88-BE39-4795-9BE0-5493E4E25A00}.Release|Any CPU.Deploy.0 = Release|Any CPU
		{69F1FEF4-F0F5-4DCB-A8CC-D068F2BAD5DF}.Debug|Any CPU.ActiveCfg = Debug|Any CPU
		{69F1FEF4-F0F5-4DCB-A8CC-D068F2BAD5DF}.Debug|Any CPU.Build.0 = Debug|Any CPU
		{69F1FEF4-F0F5-4DCB-A8CC-D068F2BAD5DF}.Debug|Any CPU.Deploy.0 = Debug|Any CPU
		{69F1FEF4-F0F5-4DCB-A8CC-D068F2BAD5DF}.Release|Any CPU.ActiveCfg = Release|Any CPU
		{69F1FEF4-F0F5-4DCB-A8CC-D068F2BAD5DF}.Release|Any CPU.Build.0 = Release|Any CPU
		{69F1FEF4-F0F5-4DCB-A8CC-D068F2BAD5DF}.Release|Any CPU.Deploy.0 = Release|Any CPU
	EndGlobalSection
	GlobalSection(SolutionProperties) = preSolution
		HideSolutionNode = FALSE
	EndGlobalSection
	GlobalSection(ExtensibilityGlobals) = postSolution
		SolutionGuid = {37D0F0C9-0A98-4EF9-9A9E-CDD72092F5F8}
	EndGlobalSection
EndGlobal
